<?xml version="1.0" encoding="utf-8"?>
<Project ToolsVersion="4.0" xmlns="http://schemas.microsoft.com/developer/msbuild/2003">
  <ItemGroup>
    <ClCompile Include="main.cpp" />
    <ClCompile Include="application.cpp" />
    <ClCompile Include="login_network.cpp" />
  </ItemGroup>
  <ItemGroup>
    <ClInclude Include="application.h" />
    <ClInclude Include="login_network.h" />
  </ItemGroup>
</Project>